
Microsoft Visual Studio Solution File, Format Version 12.00
Project("{FAE04EC0-301F-11D3-BF4B-00C04F79EFBC}") = "ImageCoverExpander2", "ImageCoverExpander2.csproj", "{CDD67A3E-85D0-40D1-81D3-E9D25652DE68}"
EndProject
Global
	GlobalSection(SolutionConfigurationPlatforms) = preSolution
		Debug|Any CPU = Debug|Any CPU
		Release|Any CPU = Release|Any CPU
	EndGlobalSection
	GlobalSection(ProjectConfigurationPlatforms) = postSolution
		{CDD67A3E-85D0-40D1-81D3-E9D25652DE68}.Debug|Any CPU.ActiveCfg = Debug|Any CPU
		{CDD67A3E-85D0-40D1-81D3-E9D25652DE68}.Debug|Any CPU.Build.0 = Debug|Any CPU
		{CDD67A3E-85D0-40D1-81D3-E9D25652DE68}.Release|Any CPU.ActiveCfg = Release|Any CPU
		{CDD67A3E-85D0-40D1-81D3-E9D25652DE68}.Release|Any CPU.Build.0 = Release|Any CPU
	EndGlobalSection
EndGlobal
